// !$*UTF8*$!
{
	archiveVersion = 1;
	classes = {
	};
	objectVersion = 77;
	objects = {

/* Begin PBXBuildFile section */
		81F390912D38451E0062D09A /* Kingfisher in Frameworks */ = {isa = PBXBuildFile; productRef = 81F390902D38451E0062D09A /* Kingfisher */; };
/* End PBXBuildFile section */

/* Begin PBXContainerItemProxy section */
		81F3906D2D38446D0062D09A /* PBXContainerItemProxy */ = {
			isa = PBXContainerItemProxy;
			containerPortal = 81F3904E2D38446C0062D09A /* Project object */;
			proxyType = 1;
			remoteGlobalIDString = 81F390552D38446C0062D09A;
			remoteInfo = StarWarsExplorer;
		};
		81F390772D38446D0062D09A /* PBXContainerItemProxy */ = {
			isa = PBXContainerItemProxy;
			containerPortal = 81F3904E2D38446C0062D09A /* Project object */;
			proxyType = 1;
			remoteGlobalIDString = 81F390552D38446C0062D09A;
			remoteInfo = StarWarsExplorer;
		};
/* End PBXContainerItemProxy section */

/* Begin PBXFileReference section */
		81F390562D38446C0062D09A /* StarWarsExplorer.app */ = {isa = PBXFileReference; explicitFileType = wrapper.application; includeInIndex = 0; path = StarWarsExplorer.app; sourceTree = BUILT_PRODUCTS_DIR; };
		81F3906C2D38446D0062D09A /* StarWarsExplorerTests.xctest */ = {isa = PBXFileReference; explicitFileType = wrapper.cfbundle; includeInIndex = 0; path = StarWarsExplorerTests.xctest; sourceTree = BUILT_PRODUCTS_DIR; };
		81F390762D38446D0062D09A /* StarWarsExplorerUITests.xctest */ = {isa = PBXFileReference; explicitFileType = wrapper.cfbundle; includeInIndex = 0; path = StarWarsExplorerUITests.xctest; sourceTree = BUILT_PRODUCTS_DIR; };
/* End PBXFileReference section */

/* Begin PBXFileSystemSynchronizedBuildFileExceptionSet section */
		81F3907E2D38446D0062D09A /* Exceptions for "StarWarsExplorer" folder in "StarWarsExplorer" target */ = {
			isa = PBXFileSystemSynchronizedBuildFileExceptionSet;
			membershipExceptions = (
				Info.plist,
			);
			target = 81F390552D38446C0062D09A /* StarWarsExplorer */;
		};
/* End PBXFileSystemSynchronizedBuildFileExceptionSet section */

/* Begin PBXFileSystemSynchronizedRootGroup section */
		81F390582D38446C0062D09A /* StarWarsExplorer */ = {
			isa = PBXFileSystemSynchronizedRootGroup;
			exceptions = (
				81F3907E2D38446D0062D09A /* Exceptions for "StarWarsExplorer" folder in "StarWarsExplorer" target */,
			);
			path = StarWarsExplorer;
			sourceTree = "<group>";
		};
		81F3906F2D38446D0062D09A /* StarWarsExplorerTests */ = {
			isa = PBXFileSystemSynchronizedRootGroup;
			path = StarWarsExplorerTests;
			sourceTree = "<group>";
		};
		81F390792D38446D0062D09A /* StarWarsExplorerUITests */ = {
			isa = PBXFileSystemSynchronizedRootGroup;
			path = StarWarsExplorerUITests;
			sourceTree = "<group>";
		};
/* End PBXFileSystemSynchronizedRootGroup section */

/* Begin PBXFrameworksBuildPhase section */
		81F390532D38446C0062D09A /* Frameworks */ = {
			isa = PBXFrameworksBuildPhase;
			buildActionMask = 2147483647;
			files = (
				81F390912D38451E0062D09A /* Kingfisher in Frameworks */,
			);
			runOnlyForDeploymentPostprocessing = 0;
		};
		81F390692D38446D0062D09A /* Frameworks */ = {
			isa = PBXFrameworksBuildPhase;
			buildActionMask = 2147483647;
			files = (
			);
			runOnlyForDeploymentPostprocessing = 0;
		};
		81F390732D38446D0062D09A /* Frameworks */ = {
			isa = PBXFrameworksBuildPhase;
			buildActionMask = 2147483647;
			files = (
			);
			runOnlyForDeploymentPostprocessing = 0;
		};
/* End PBXFrameworksBuildPhase section */

/* Begin PBXGroup section */
		81F3904D2D38446C0062D09A = {
			isa = PBXGroup;
			children = (
				81F390582D38446C0062D09A /* StarWarsExplorer */,
				81F3906F2D38446D0062D09A /* StarWarsExplorerTests */,
				81F390792D38446D0062D09A /* StarWarsExplorerUITests */,
				81F390572D38446C0062D09A /* Products */,
			);
			sourceTree = "<group>";
		};
		81F390572D38446C0062D09A /* Products */ = {
			isa = PBXGroup;
			children = (
				81F390562D38446C0062D09A /* StarWarsExplorer.app */,
				81F3906C2D38446D0062D09A /* StarWarsExplorerTests.xctest */,
				81F390762D38446D0062D09A /* StarWarsExplorerUITests.xctest */,
			);
			name = Products;
			sourceTree = "<group>";
		};
/* End PBXGroup section */

/* Begin PBXNativeTarget section */
		81F390552D38446C0062D09A /* StarWarsExplorer */ = {
			isa = PBXNativeTarget;
			buildConfigurationList = 81F3907F2D38446D0062D09A /* Build configuration list for PBXNativeTarget "StarWarsExplorer" */;
			buildPhases = (
				81F390522D38446C0062D09A /* Sources */,
				81F390532D38446C0062D09A /* Frameworks */,
				81F390542D38446C0062D09A /* Resources */,
			);
			buildRules = (
			);
			dependencies = (
			);
			fileSystemSynchronizedGroups = (
				81F390582D38446C0062D09A /* StarWarsExplorer */,
			);
			name = StarWarsExplorer;
			packageProductDependencies = (
				81F390902D38451E0062D09A /* Kingfisher */,
			);
			productName = StarWarsExplorer;
			productReference = 81F390562D38446C0062D09A /* StarWarsExplorer.app */;
			productType = "com.apple.product-type.application";
		};
		81F3906B2D38446D0062D09A /* StarWarsExplorerTests */ = {
			isa = PBXNativeTarget;
			buildConfigurationList = 81F390842D38446D0062D09A /* Build configuration list for PBXNativeTarget "StarWarsExplorerTests" */;
			buildPhases = (
				81F390682D38446D0062D09A /* Sources */,
				81F390692D38446D0062D09A /* Frameworks */,
				81F3906A2D38446D0062D09A /* Resources */,
			);
			buildRules = (
			);
			dependencies = (
				81F3906E2D38446D0062D09A /* PBXTargetDependency */,
			);
			fileSystemSynchronizedGroups = (
				81F3906F2D38446D0062D09A /* StarWarsExplorerTests */,
			);
			name = StarWarsExplorerTests;
			packageProductDependencies = (
			);
			productName = StarWarsExplorerTests;
			productReference = 81F3906C2D38446D0062D09A /* StarWarsExplorerTests.xctest */;
			productType = "com.apple.product-type.bundle.unit-test";
		};
		81F390752D38446D0062D09A /* StarWarsExplorerUITests */ = {
			isa = PBXNativeTarget;
			buildConfigurationList = 81F390872D38446D0062D09A /* Build configuration list for PBXNativeTarget "StarWarsExplorerUITests" */;
			buildPhases = (
				81F390722D38446D0062D09A /* Sources */,
				81F390732D38446D0062D09A /* Frameworks */,
				81F390742D38446D0062D09A /* Resources */,
			);
			buildRules = (
			);
			dependencies = (
				81F390782D38446D0062D09A /* PBXTargetDependency */,
			);
			fileSystemSynchronizedGroups = (
				81F390792D38446D0062D09A /* StarWarsExplorerUITests */,
			);
			name = StarWarsExplorerUITests;
			packageProductDependencies = (
			);
			productName = StarWarsExplorerUITests;
			productReference = 81F390762D38446D0062D09A /* StarWarsExplorerUITests.xctest */;
			productType = "com.apple.product-type.bundle.ui-testing";
		};
/* End PBXNativeTarget section */

/* Begin PBXProject section */
		81F3904E2D38446C0062D09A /* Project object */ = {
			isa = PBXProject;
			attributes = {
				BuildIndependentTargetsInParallel = 1;
				LastSwiftUpdateCheck = 1620;
				LastUpgradeCheck = 1620;
				TargetAttributes = {
					81F390552D38446C0062D09A = {
						CreatedOnToolsVersion = 16.2;
					};
					81F3906B2D38446D0062D09A = {
						CreatedOnToolsVersion = 16.2;
						TestTargetID = 81F390552D38446C0062D09A;
					};
					81F390752D38446D0062D09A = {
						CreatedOnToolsVersion = 16.2;
						TestTargetID = 81F390552D38446C0062D09A;
					};
				};
			};
			buildConfigurationList = 81F390512D38446C0062D09A /* Build configuration list for PBXProject "StarWarsExplorer" */;
			developmentRegion = en;
			hasScannedForEncodings = 0;
			knownRegions = (
				en,
				Base,
			);
			mainGroup = 81F3904D2D38446C0062D09A;
			minimizedProjectReferenceProxies = 1;
			packageReferences = (
				81F3908F2D38451E0062D09A /* XCRemoteSwiftPackageReference "Kingfisher" */,
			);
			preferredProjectObjectVersion = 77;
			productRefGroup = 81F390572D38446C0062D09A /* Products */;
			projectDirPath = "";
			projectRoot = "";
			targets = (
				81F390552D38446C0062D09A /* StarWarsExplorer */,
				81F3906B2D38446D0062D09A /* StarWarsExplorerTests */,
				81F390752D38446D0062D09A /* StarWarsExplorerUITests */,
			);
		};
/* End PBXProject section */

/* Begin PBXResourcesBuildPhase section */
		81F390542D38446C0062D09A /* Resources */ = {
			isa = PBXResourcesBuildPhase;
			buildActionMask = 2147483647;
			files = (
			);
			runOnlyForDeploymentPostprocessing = 0;
		};
		81F3906A2D38446D0062D09A /* Resources */ = {
			isa = PBXResourcesBuildPhase;
			buildActionMask = 2147483647;
			files = (
			);
			runOnlyForDeploymentPostprocessing = 0;
		};
		81F390742D38446D0062D09A /* Resources */ = {
			isa = PBXResourcesBuildPhase;
			buildActionMask = 2147483647;
			files = (
			);
			runOnlyForDeploymentPostprocessing = 0;
		};
/* End PBXResourcesBuildPhase section */

/* Begin PBXSourcesBuildPhase section */
		81F390522D38446C0062D09A /* Sources */ = {
			isa = PBXSourcesBuildPhase;
			buildActionMask = 2147483647;
			files = (
			);
			runOnlyForDeploymentPostprocessing = 0;
		};
		81F390682D38446D0062D09A /* Sources */ = {
			isa = PBXSourcesBuildPhase;
			buildActionMask = 2147483647;
			files = (
			);
			runOnlyForDeploymentPostprocessing = 0;
		};
		81F390722D38446D0062D09A /* Sources */ = {
			isa = PBXSourcesBuildPhase;
			buildActionMask = 2147483647;
			files = (
			);
			runOnlyForDeploymentPostprocessing = 0;
		};
/* End PBXSourcesBuildPhase section */

/* Begin PBXTargetDependency section */
		81F3906E2D38446D0062D09A /* PBXTargetDependency */ = {
			isa = PBXTargetDependency;
			target = 81F390552D38446C0062D09A /* StarWarsExplorer */;
			targetProxy = 81F3906D2D38446D0062D09A /* PBXContainerItemProxy */;
		};
		81F390782D38446D0062D09A /* PBXTargetDependency */ = {
			isa = PBXTargetDependency;
			target = 81F390552D38446C0062D09A /* StarWarsExplorer */;
			targetProxy = 81F390772D38446D0062D09A /* PBXContainerItemProxy */;
		};
/* End PBXTargetDependency section */

/* Begin XCBuildConfiguration section */
		81F390802D38446D0062D09A /* Debug */ = {
			isa = XCBuildConfiguration;
			buildSettings = {
				ASSETCATALOG_COMPILER_APPICON_NAME = AppIcon;
				ASSETCATALOG_COMPILER_GLOBAL_ACCENT_COLOR_NAME = AccentColor;
				CODE_SIGN_STYLE = Automatic;
				CURRENT_PROJECT_VERSION = 1;
				DEVELOPMENT_TEAM = H7M7SRPDZY;
				GENERATE_INFOPLIST_FILE = YES;
				INFOPLIST_FILE = StarWarsExplorer/Info.plist;
				INFOPLIST_KEY_UIApplicationSupportsIndirectInputEvents = YES;
				INFOPLIST_KEY_UILaunchStoryboardName = LaunchScreen;
				INFOPLIST_KEY_UIMainStoryboardFile = Main;
				INFOPLIST_KEY_UISupportedInterfaceOrientations_iPad = "UIInterfaceOrientationPortrait UIInterfaceOrientationPortraitUpsideDown UIInterfaceOrientationLandscapeLeft UIInterfaceOrientationLandscapeRight";
				INFOPLIST_KEY_UISupportedInterfaceOrientations_iPhone = "UIInterfaceOrientationPortrait UIInterfaceOrientationLandscapeLeft UIInterfaceOrientationLandscapeRight";
				IPHONEOS_DEPLOYMENT_TARGET = 15.0;
				LD_RUNPATH_SEARCH_PATHS = (
					"$(inherited)",
					"@executable_path/Frameworks",
				);
				MARKETING_VERSION = 1.0;
				PRODUCT_BUNDLE_IDENTIFIER = com.bartugkaancelebi.StarWarsExplorer;
				PRODUCT_NAME = "$(TARGET_NAME)";
				SWIFT_EMIT_LOC_STRINGS = YES;
				SWIFT_VERSION = 5.0;
				TARGETED_DEVICE_FAMILY = "1,2";
			};
			name = Debug;
		};
		81F390812D38446D0062D09A /* Release */ = {
			isa = XCBuildConfiguration;
			buildSettings = {
				ASSETCATALOG_COMPILER_APPICON_NAME = AppIcon;
				ASSETCATALOG_COMPILER_GLOBAL_ACCENT_COLOR_NAME = AccentColor;
				CODE_SIGN_STYLE = Automatic;
				CURRENT_PROJECT_VERSION = 1;
				DEVELOPMENT_TEAM = H7M7SRPDZY;
				GENERATE_INFOPLIST_FILE = YES;
				INFOPLIST_FILE = StarWarsExplorer/Info.plist;
				INFOPLIST_KEY_UIApplicationSupportsIndirectInputEvents = YES;
				INFOPLIST_KEY_UILaunchStoryboardName = LaunchScreen;
				INFOPLIST_KEY_UIMainStoryboardFile = Main;
				INFOPLIST_KEY_UISupportedInterfaceOrientations_iPad = "UIInterfaceOrientationPortrait UIInterfaceOrientationPortraitUpsideDown UIInterfaceOrientationLandscapeLeft UIInterfaceOrientationLandscapeRight";
				INFOPLIST_KEY_UISupportedInterfaceOrientations_iPhone = "UIInterfaceOrientationPortrait UIInterfaceOrientationLandscapeLeft UIInterfaceOrientationLandscapeRight";
				IPHONEOS_DEPLOYMENT_TARGET = 15.0;
				LD_RUNPATH_SEARCH_PATHS = (
					"$(inherited)",
					"@executable_path/Frameworks",
				);
				MARKETING_VERSION = 1.0;
				PRODUCT_BUNDLE_IDENTIFIER = com.bartugkaancelebi.StarWarsExplorer;
				PRODUCT_NAME = "$(TARGET_NAME)";
				SWIFT_EMIT_LOC_STRINGS = YES;
				SWIFT_VERSION = 5.0;
				TARGETED_DEVICE_FAMILY = "1,2";
			};
			name = Release;
		};
		81F390822D38446D0062D09A /* Debug */ = {
			isa = XCBuildConfiguration;
			buildSettings = {
				ALWAYS_SEARCH_USER_PATHS = NO;
				ASSETCATALOG_COMPILER_GENERATE_SWIFT_ASSET_SYMBOL_EXTENSIONS = YES;
				CLANG_ANALYZER_NONNULL = YES;
				CLANG_ANALYZER_NUMBER_OBJECT_CONVERSION = YES_AGGRESSIVE;
				CLANG_CXX_LANGUAGE_STANDARD = "gnu++20";
				CLANG_ENABLE_MODULES = YES;
				CLANG_ENABLE_OBJC_ARC = YES;
				CLANG_ENABLE_OBJC_WEAK = YES;
				CLANG_WARN_BLOCK_CAPTURE_AUTORELEASING = YES;
				CLANG_WARN_BOOL_CONVERSION = YES;
				CLANG_WARN_COMMA = YES;
				CLANG_WARN_CONSTANT_CONVERSION = YES;
				CLANG_WARN_DEPRECATED_OBJC_IMPLEMENTATIONS = YES;
				CLANG_WARN_DIRECT_OBJC_ISA_USAGE = YES_ERROR;
				CLANG_WARN_DOCUMENTATION_COMMENTS = YES;
				CLANG_WARN_EMPTY_BODY = YES;
				CLANG_WARN_ENUM_CONVERSION = YES;
				CLANG_WARN_INFINITE_RECURSION = YES;
				CLANG_WARN_INT_CONVERSION = YES;
				CLANG_WARN_NON_LITERAL_NULL_CONVERSION = YES;
				CLANG_WARN_OBJC_IMPLICIT_RETAIN_SELF = YES;
				CLANG_WARN_OBJC_LITERAL_CONVERSION = YES;
				CLANG_WARN_OBJC_ROOT_CLASS = YES_ERROR;
				CLANG_WARN_QUOTED_INCLUDE_IN_FRAMEWORK_HEADER = YES;
				CLANG_WARN_RANGE_LOOP_ANALYSIS = YES;
				CLANG_WARN_STRICT_PROTOTYPES = YES;
				CLANG_WARN_SUSPICIOUS_MOVE = YES;
				CLANG_WARN_UNGUARDED_AVAILABILITY = YES_AGGRESSIVE;
				CLANG_WARN_UNREACHABLE_CODE = YES;
				CLANG_WARN__DUPLICATE_METHOD_MATCH = YES;
				COPY_PHASE_STRIP = NO;
				DEBUG_INFORMATION_FORMAT = dwarf;
				ENABLE_STRICT_OBJC_MSGSEND = YES;
				ENABLE_TESTABILITY = YES;
				ENABLE_USER_SCRIPT_SANDBOXING = YES;
				GCC_C_LANGUAGE_STANDARD = gnu17;
				GCC_DYNAMIC_NO_PIC = NO;
				GCC_NO_COMMON_BLOCKS = YES;
				GCC_OPTIMIZATION_LEVEL = 0;
				GCC_PREPROCESSOR_DEFINITIONS = (
					"DEBUG=1",
					"$(inherited)",
				);
				GCC_WARN_64_TO_32_BIT_CONVERSION = YES;
				GCC_WARN_ABOUT_RETURN_TYPE = YES_ERROR;
				GCC_WARN_UNDECLARED_SELECTOR = YES;
				GCC_WARN_UNINITIALIZED_AUTOS = YES_AGGRESSIVE;
				GCC_WARN_UNUSED_FUNCTION = YES;
				GCC_WARN_UNUSED_VARIABLE = YES;
				IPHONEOS_DEPLOYMENT_TARGET = 18.2;
				LOCALIZATION_PREFERS_STRING_CATALOGS = YES;
				MTL_ENABLE_DEBUG_INFO = INCLUDE_SOURCE;
				MTL_FAST_MATH = YES;
				ONLY_ACTIVE_ARCH = YES;
				SDKROOT = iphoneos;
				SWIFT_ACTIVE_COMPILATION_CONDITIONS = "DEBUG $(inherited)";
				SWIFT_OPTIMIZATION_LEVEL = "-Onone";
			};
			name = Debug;
		};
		81F390832D38446D0062D09A /* Release */ = {
			isa = XCBuildConfiguration;
			buildSettings = {
				ALWAYS_SEARCH_USER_PATHS = NO;
				ASSETCATALOG_COMPILER_GENERATE_SWIFT_ASSET_SYMBOL_EXTENSIONS = YES;
				CLANG_ANALYZER_NONNULL = YES;
				CLANG_ANALYZER_NUMBER_OBJECT_CONVERSION = YES_AGGRESSIVE;
				CLANG_CXX_LANGUAGE_STANDARD = "gnu++20";
				CLANG_ENABLE_MODULES = YES;
				CLANG_ENABLE_OBJC_ARC = YES;
				CLANG_ENABLE_OBJC_WEAK = YES;
				CLANG_WARN_BLOCK_CAPTURE_AUTORELEASING = YES;
				CLANG_WARN_BOOL_CONVERSION = YES;
				CLANG_WARN_COMMA = YES;
				CLANG_WARN_CONSTANT_CONVERSION = YES;
				CLANG_WARN_DEPRECATED_OBJC_IMPLEMENTATIONS = YES;
				CLANG_WARN_DIRECT_OBJC_ISA_USAGE = YES_ERROR;
				CLANG_WARN_DOCUMENTATION_COMMENTS = YES;
				CLANG_WARN_EMPTY_BODY = YES;
				CLANG_WARN_ENUM_CONVERSION = YES;
				CLANG_WARN_INFINITE_RECURSION = YES;
				CLANG_WARN_INT_CONVERSION = YES;
				CLANG_WARN_NON_LITERAL_NULL_CONVERSION = YES;
				CLANG_WARN_OBJC_IMPLICIT_RETAIN_SELF = YES;
				CLANG_WARN_OBJC_LITERAL_CONVERSION = YES;
				CLANG_WARN_OBJC_ROOT_CLASS = YES_ERROR;
				CLANG_WARN_QUOTED_INCLUDE_IN_FRAMEWORK_HEADER = YES;
				CLANG_WARN_RANGE_LOOP_ANALYSIS = YES;
				CLANG_WARN_STRICT_PROTOTYPES = YES;
				CLANG_WARN_SUSPICIOUS_MOVE = YES;
				CLANG_WARN_UNGUARDED_AVAILABILITY = YES_AGGRESSIVE;
				CLANG_WARN_UNREACHABLE_CODE = YES;
				CLANG_WARN__DUPLICATE_METHOD_MATCH = YES;
				COPY_PHASE_STRIP = NO;
				DEBUG_INFORMATION_FORMAT = "dwarf-with-dsym";
				ENABLE_NS_ASSERTIONS = NO;
				ENABLE_STRICT_OBJC_MSGSEND = YES;
				ENABLE_USER_SCRIPT_SANDBOXING = YES;
				GCC_C_LANGUAGE_STANDARD = gnu17;
				GCC_NO_COMMON_BLOCKS = YES;
				GCC_WARN_64_TO_32_BIT_CONVERSION = YES;
				GCC_WARN_ABOUT_RETURN_TYPE = YES_ERROR;
				GCC_WARN_UNDECLARED_SELECTOR = YES;
				GCC_WARN_UNINITIALIZED_AUTOS = YES_AGGRESSIVE;
				GCC_WARN_UNUSED_FUNCTION = YES;
				GCC_WARN_UNUSED_VARIABLE = YES;
				IPHONEOS_DEPLOYMENT_TARGET = 18.2;
				LOCALIZATION_PREFERS_STRING_CATALOGS = YES;
				MTL_ENABLE_DEBUG_INFO = NO;
				MTL_FAST_MATH = YES;
				SDKROOT = iphoneos;
				SWIFT_COMPILATION_MODE = wholemodule;
				VALIDATE_PRODUCT = YES;
			};
			name = Release;
		};
		81F390852D38446D0062D09A /* Debug */ = {
			isa = XCBuildConfiguration;
			buildSettings = {
				BUNDLE_LOADER = "$(TEST_HOST)";
				CODE_SIGN_STYLE = Automatic;
				CURRENT_PROJECT_VERSION = 1;
				DEVELOPMENT_TEAM = H7M7SRPDZY;
				GENERATE_INFOPLIST_FILE = YES;
				IPHONEOS_DEPLOYMENT_TARGET = 18.2;
				MARKETING_VERSION = 1.0;
				PRODUCT_BUNDLE_IDENTIFIER = com.bartugkaancelebi.StarWarsExplorerTests;
				PRODUCT_NAME = "$(TARGET_NAME)";
				SWIFT_EMIT_LOC_STRINGS = NO;
				SWIFT_VERSION = 5.0;
				TARGETED_DEVICE_FAMILY = "1,2";
				TEST_HOST = "$(BUILT_PRODUCTS_DIR)/StarWarsExplorer.app/$(BUNDLE_EXECUTABLE_FOLDER_PATH)/StarWarsExplorer";
			};
			name = Debug;
		};
		81F390862D38446D0062D09A /* Release */ = {
			isa = XCBuildConfiguration;
			buildSettings = {
				BUNDLE_LOADER = "$(TEST_HOST)";
				CODE_SIGN_STYLE = Automatic;
				CURRENT_PROJECT_VERSION = 1;
				DEVELOPMENT_TEAM = H7M7SRPDZY;
				GENERATE_INFOPLIST_FILE = YES;
				IPHONEOS_DEPLOYMENT_TARGET = 18.2;
				MARKETING_VERSION = 1.0;
				PRODUCT_BUNDLE_IDENTIFIER = com.bartugkaancelebi.StarWarsExplorerTests;
				PRODUCT_NAME = "$(TARGET_NAME)";
				SWIFT_EMIT_LOC_STRINGS = NO;
				SWIFT_VERSION = 5.0;
				TARGETED_DEVICE_FAMILY = "1,2";
				TEST_HOST = "$(BUILT_PRODUCTS_DIR)/StarWarsExplorer.app/$(BUNDLE_EXECUTABLE_FOLDER_PATH)/StarWarsExplorer";
			};
			name = Release;
		};
		81F390882D38446D0062D09A /* Debug */ = {
			isa = XCBuildConfiguration;
			buildSettings = {
				CODE_SIGN_STYLE = Automatic;
				CURRENT_PROJECT_VERSION = 1;
				DEVELOPMENT_TEAM = H7M7SRPDZY;
				GENERATE_INFOPLIST_FILE = YES;
				MARKETING_VERSION = 1.0;
				PRODUCT_BUNDLE_IDENTIFIER = com.bartugkaancelebi.StarWarsExplorerUITests;
				PRODUCT_NAME = "$(TARGET_NAME)";
				SWIFT_EMIT_LOC_STRINGS = NO;
				SWIFT_VERSION = 5.0;
				TARGETED_DEVICE_FAMILY = "1,2";
				TEST_TARGET_NAME = StarWarsExplorer;
			};
			name = Debug;
		};
		81F390892D38446D0062D09A /* Release */ = {
			isa = XCBuildConfiguration;
			buildSettings = {
				CODE_SIGN_STYLE = Automatic;
				CURRENT_PROJECT_VERSION = 1;
				DEVELOPMENT_TEAM = H7M7SRPDZY;
				GENERATE_INFOPLIST_FILE = YES;
				MARKETING_VERSION = 1.0;
				PRODUCT_BUNDLE_IDENTIFIER = com.bartugkaancelebi.StarWarsExplorerUITests;
				PRODUCT_NAME = "$(TARGET_NAME)";
				SWIFT_EMIT_LOC_STRINGS = NO;
				SWIFT_VERSION = 5.0;
				TARGETED_DEVICE_FAMILY = "1,2";
				TEST_TARGET_NAME = StarWarsExplorer;
			};
			name = Release;
		};
/* End XCBuildConfiguration section */

/* Begin XCConfigurationList section */
		81F390512D38446C0062D09A /* Build configuration list for PBXProject "StarWarsExplorer" */ = {
			isa = XCConfigurationList;
			buildConfigurations = (
				81F390822D38446D0062D09A /* Debug */,
				81F390832D38446D0062D09A /* Release */,
			);
			defaultConfigurationIsVisible = 0;
			defaultConfigurationName = Release;
		};
		81F3907F2D38446D0062D09A /* Build configuration list for PBXNativeTarget "StarWarsExplorer" */ = {
			isa = XCConfigurationList;
			buildConfigurations = (
				81F390802D38446D0062D09A /* Debug */,
				81F390812D38446D0062D09A /* Release */,
			);
			defaultConfigurationIsVisible = 0;
			defaultConfigurationName = Release;
		};
		81F390842D38446D0062D09A /* Build configuration list for PBXNativeTarget "StarWarsExplorerTests" */ = {
			isa = XCConfigurationList;
			buildConfigurations = (
				81F390852D38446D0062D09A /* Debug */,
				81F390862D38446D0062D09A /* Release */,
			);
			defaultConfigurationIsVisible = 0;
			defaultConfigurationName = Release;
		};
		81F390872D38446D0062D09A /* Build configuration list for PBXNativeTarget "StarWarsExplorerUITests" */ = {
			isa = XCConfigurationList;
			buildConfigurations = (
				81F390882D38446D0062D09A /* Debug */,
				81F390892D38446D0062D09A /* Release */,
			);
			defaultConfigurationIsVisible = 0;
			defaultConfigurationName = Release;
		};
/* End XCConfigurationList section */

/* Begin XCRemoteSwiftPackageReference section */
		81F3908F2D38451E0062D09A /* XCRemoteSwiftPackageReference "Kingfisher" */ = {
			isa = XCRemoteSwiftPackageReference;
			repositoryURL = "https://github.com/onevcat/Kingfisher";
			requirement = {
				kind = upToNextMajorVersion;
				minimumVersion = 8.1.3;
			};
		};
/* End XCRemoteSwiftPackageReference section */

/* Begin XCSwiftPackageProductDependency section */
		81F390902D38451E0062D09A /* Kingfisher */ = {
			isa = XCSwiftPackageProductDependency;
			package = 81F3908F2D38451E0062D09A /* XCRemoteSwiftPackageReference "Kingfisher" */;
			productName = Kingfisher;
		};
/* End XCSwiftPackageProductDependency section */
	};
	rootObject = 81F3904E2D38446C0062D09A /* Project object */;
}
